<Solution>
  <Project Path="ApiGateway/ApiGateway.csproj" />
  <Project Path="AuthService/AuthService.csproj" />
  <Project Path="DepartmentService/DepartmentService.csproj" />
  <Project Path="EmployeeService.Tests/EmployeeService.Tests.csproj" Id="c9a0f0a9-e118-46f8-b413-5b6bc75af1cd" />
  <Project Path="EmployeeService/EmployeeService.csproj" />
  <Project Path="LoggingService/LoggingService.csproj" />
  <Project Path="Shared/Shared.csproj" />
</Solution>
